
Microsoft Visual Studio Solution File, Format Version 12.00
# Visual Studio 15
VisualStudioVersion = 15.0.28010.2036
MinimumVisualStudioVersion = 10.0.40219.1
Project("{FAE04EC0-301F-11D3-BF4B-00C04F79EFBC}") = "Parser", "Parser\Parser.csproj", "{30418003-F671-48E4-B98C-DDB95B6C58D1}"
EndProject
Global
	GlobalSection(SolutionConfigurationPlatforms) = preSolution
		Debug|Any CPU = Debug|Any CPU
		Release|Any CPU = Release|Any CPU
	EndGlobalSection
	GlobalSection(ProjectConfigurationPlatforms) = postSolution
		{30418003-F671-48E4-B98C-DDB95B6C58D1}.Debug|Any CPU.ActiveCfg = Debug|Any CPU
		{30418003-F671-48E4-B98C-DDB95B6C58D1}.Debug|Any CPU.Build.0 = Debug|Any CPU
		{30418003-F671-48E4-B98C-DDB95B6C58D1}.Release|Any CPU.ActiveCfg = Release|Any CPU
		{30418003-F671-48E4-B98C-DDB95B6C58D1}.Release|Any CPU.Build.0 = Release|Any CPU
	EndGlobalSection
	GlobalSection(SolutionProperties) = preSolution
		HideSolutionNode = FALSE
	EndGlobalSection
	GlobalSection(ExtensibilityGlobals) = postSolution
		SolutionGuid = {F704B1A8-2140-409B-9769-8AACEB5F2BC4}
	EndGlobalSection
EndGlobal
